
Microsoft Visual Studio Solution File, Format Version 12.00
# Visual Studio Version 17
VisualStudioVersion = 17.3.32929.385
MinimumVisualStudioVersion = 10.0.40219.1
Project("{FAE04EC0-301F-11D3-BF4B-00C04F79EFBC}") = "majac", "majac\majac.csproj", "{47970B5E-5793-4856-B2EE-0517909966F6}"
EndProject
Global
	GlobalSection(SolutionConfigurationPlatforms) = preSolution
		Debug|Any CPU = Debug|Any CPU
		Release|Any CPU = Release|Any CPU
	EndGlobalSection
	GlobalSection(ProjectConfigurationPlatforms) = postSolution
		{47970B5E-5793-4856-B2EE-0517909966F6}.Debug|Any CPU.ActiveCfg = Debug|Any CPU
		{47970B5E-5793-4856-B2EE-0517909966F6}.Debug|Any CPU.Build.0 = Debug|Any CPU
		{47970B5E-5793-4856-B2EE-0517909966F6}.Release|Any CPU.ActiveCfg = Release|Any CPU
		{47970B5E-5793-4856-B2EE-0517909966F6}.Release|Any CPU.Build.0 = Release|Any CPU
	EndGlobalSection
	GlobalSection(SolutionProperties) = preSolution
		HideSolutionNode = FALSE
	EndGlobalSection
	GlobalSection(ExtensibilityGlobals) = postSolution
		SolutionGuid = {E460730C-E11C-4D71-BAF2-445F941C247C}
	EndGlobalSection
EndGlobal
