
Microsoft Visual Studio Solution File, Format Version 12.00
# Visual Studio Version 16
VisualStudioVersion = 16.0.32413.511
MinimumVisualStudioVersion = 10.0.40219.1
Project("{FAE04EC0-301F-11D3-BF4B-00C04F79EFBC}") = "Önálló_2", "Önálló_2\Önálló_2.csproj", "{739EE47B-6824-4188-A752-A78A7E3F7A43}"
EndProject
Global
	GlobalSection(SolutionConfigurationPlatforms) = preSolution
		Debug|Any CPU = Debug|Any CPU
		Release|Any CPU = Release|Any CPU
	EndGlobalSection
	GlobalSection(ProjectConfigurationPlatforms) = postSolution
		{739EE47B-6824-4188-A752-A78A7E3F7A43}.Debug|Any CPU.ActiveCfg = Debug|Any CPU
		{739EE47B-6824-4188-A752-A78A7E3F7A43}.Debug|Any CPU.Build.0 = Debug|Any CPU
		{739EE47B-6824-4188-A752-A78A7E3F7A43}.Release|Any CPU.ActiveCfg = Release|Any CPU
		{739EE47B-6824-4188-A752-A78A7E3F7A43}.Release|Any CPU.Build.0 = Release|Any CPU
	EndGlobalSection
	GlobalSection(SolutionProperties) = preSolution
		HideSolutionNode = FALSE
	EndGlobalSection
	GlobalSection(ExtensibilityGlobals) = postSolution
		SolutionGuid = {4F551953-5F32-485F-8A3D-29E0E289BC8C}
	EndGlobalSection
EndGlobal
