
Microsoft Visual Studio Solution File, Format Version 12.00
# Visual Studio Version 17
VisualStudioVersion = 17.11.35327.3
MinimumVisualStudioVersion = 10.0.40219.1
Project("{FAE04EC0-301F-11D3-BF4B-00C04F79EFBC}") = "Osztalyzatok", "Osztalyzatok.csproj", "{4FA3DF43-4727-4C55-B2FC-1B7F9DC20FF9}"
EndProject
Global
	GlobalSection(SolutionConfigurationPlatforms) = preSolution
		Debug|Any CPU = Debug|Any CPU
		Release|Any CPU = Release|Any CPU
	EndGlobalSection
	GlobalSection(ProjectConfigurationPlatforms) = postSolution
		{4FA3DF43-4727-4C55-B2FC-1B7F9DC20FF9}.Debug|Any CPU.ActiveCfg = Debug|Any CPU
		{4FA3DF43-4727-4C55-B2FC-1B7F9DC20FF9}.Debug|Any CPU.Build.0 = Debug|Any CPU
		{4FA3DF43-4727-4C55-B2FC-1B7F9DC20FF9}.Release|Any CPU.ActiveCfg = Release|Any CPU
		{4FA3DF43-4727-4C55-B2FC-1B7F9DC20FF9}.Release|Any CPU.Build.0 = Release|Any CPU
	EndGlobalSection
	GlobalSection(SolutionProperties) = preSolution
		HideSolutionNode = FALSE
	EndGlobalSection
	GlobalSection(ExtensibilityGlobals) = postSolution
		SolutionGuid = {2FA8F25B-159D-4554-8AA2-E31DF8A13190}
	EndGlobalSection
EndGlobal
