
Microsoft Visual Studio Solution File, Format Version 12.00
# Visual Studio Version 17
VisualStudioVersion = 17.14.36511.14 d17.14
MinimumVisualStudioVersion = 10.0.40219.1
Project("{FAE04EC0-301F-11D3-BF4B-00C04F79EFBC}") = "VVM", "VVM.csproj", "{F3F2F1CF-4249-4615-9752-D06D0D347696}"
EndProject
Global
	GlobalSection(SolutionConfigurationPlatforms) = preSolution
		Debug|Any CPU = Debug|Any CPU
		Release|Any CPU = Release|Any CPU
	EndGlobalSection
	GlobalSection(ProjectConfigurationPlatforms) = postSolution
		{F3F2F1CF-4249-4615-9752-D06D0D347696}.Debug|Any CPU.ActiveCfg = Debug|Any CPU
		{F3F2F1CF-4249-4615-9752-D06D0D347696}.Debug|Any CPU.Build.0 = Debug|Any CPU
		{F3F2F1CF-4249-4615-9752-D06D0D347696}.Release|Any CPU.ActiveCfg = Release|Any CPU
		{F3F2F1CF-4249-4615-9752-D06D0D347696}.Release|Any CPU.Build.0 = Release|Any CPU
	EndGlobalSection
	GlobalSection(SolutionProperties) = preSolution
		HideSolutionNode = FALSE
	EndGlobalSection
	GlobalSection(ExtensibilityGlobals) = postSolution
		SolutionGuid = {43C70FFE-DD79-410E-A4C8-DBB5F42EA993}
	EndGlobalSection
EndGlobal
