
Microsoft Visual Studio Solution File, Format Version 12.00
# Visual Studio Version 17
VisualStudioVersion = 17.14.36511.14 d17.14
MinimumVisualStudioVersion = 10.0.40219.1
Project("{FAE04EC0-301F-11D3-BF4B-00C04F79EFBC}") = "WpfApp3", "WpfApp3.csproj", "{FD62E917-A78B-403A-8B61-CEE007980E77}"
EndProject
Global
	GlobalSection(SolutionConfigurationPlatforms) = preSolution
		Debug|Any CPU = Debug|Any CPU
		Release|Any CPU = Release|Any CPU
	EndGlobalSection
	GlobalSection(ProjectConfigurationPlatforms) = postSolution
		{FD62E917-A78B-403A-8B61-CEE007980E77}.Debug|Any CPU.ActiveCfg = Debug|Any CPU
		{FD62E917-A78B-403A-8B61-CEE007980E77}.Debug|Any CPU.Build.0 = Debug|Any CPU
		{FD62E917-A78B-403A-8B61-CEE007980E77}.Release|Any CPU.ActiveCfg = Release|Any CPU
		{FD62E917-A78B-403A-8B61-CEE007980E77}.Release|Any CPU.Build.0 = Release|Any CPU
	EndGlobalSection
	GlobalSection(SolutionProperties) = preSolution
		HideSolutionNode = FALSE
	EndGlobalSection
	GlobalSection(ExtensibilityGlobals) = postSolution
		SolutionGuid = {110F22CA-93FB-453D-AC53-21B785E1FCB9}
	EndGlobalSection
EndGlobal
