
Microsoft Visual Studio Solution File, Format Version 12.00
# Visual Studio Version 17
VisualStudioVersion = 17.3.32929.385
MinimumVisualStudioVersion = 10.0.40219.1
Project("{FAE04EC0-301F-11D3-BF4B-00C04F79EFBC}") = "hianyzas", "hianyzas\hianyzas.csproj", "{2D0FD9DD-B46B-41F4-BCB7-43CAFFA8A63D}"
EndProject
Global
	GlobalSection(SolutionConfigurationPlatforms) = preSolution
		Debug|Any CPU = Debug|Any CPU
		Release|Any CPU = Release|Any CPU
	EndGlobalSection
	GlobalSection(ProjectConfigurationPlatforms) = postSolution
		{2D0FD9DD-B46B-41F4-BCB7-43CAFFA8A63D}.Debug|Any CPU.ActiveCfg = Debug|Any CPU
		{2D0FD9DD-B46B-41F4-BCB7-43CAFFA8A63D}.Debug|Any CPU.Build.0 = Debug|Any CPU
		{2D0FD9DD-B46B-41F4-BCB7-43CAFFA8A63D}.Release|Any CPU.ActiveCfg = Release|Any CPU
		{2D0FD9DD-B46B-41F4-BCB7-43CAFFA8A63D}.Release|Any CPU.Build.0 = Release|Any CPU
	EndGlobalSection
	GlobalSection(SolutionProperties) = preSolution
		HideSolutionNode = FALSE
	EndGlobalSection
	GlobalSection(ExtensibilityGlobals) = postSolution
		SolutionGuid = {0F2D8C6C-D7FA-4401-AB2D-8D913E29F633}
	EndGlobalSection
EndGlobal
