
Microsoft Visual Studio Solution File, Format Version 12.00
# Visual Studio Version 16
VisualStudioVersion = 16.0.32413.511
MinimumVisualStudioVersion = 10.0.40219.1
Project("{FAE04EC0-301F-11D3-BF4B-00C04F79EFBC}") = "Önálló_3", "Önálló_3\Önálló_3.csproj", "{2DE64441-0070-452D-B0E7-694E2241AC96}"
EndProject
Global
	GlobalSection(SolutionConfigurationPlatforms) = preSolution
		Debug|Any CPU = Debug|Any CPU
		Release|Any CPU = Release|Any CPU
	EndGlobalSection
	GlobalSection(ProjectConfigurationPlatforms) = postSolution
		{2DE64441-0070-452D-B0E7-694E2241AC96}.Debug|Any CPU.ActiveCfg = Debug|Any CPU
		{2DE64441-0070-452D-B0E7-694E2241AC96}.Debug|Any CPU.Build.0 = Debug|Any CPU
		{2DE64441-0070-452D-B0E7-694E2241AC96}.Release|Any CPU.ActiveCfg = Release|Any CPU
		{2DE64441-0070-452D-B0E7-694E2241AC96}.Release|Any CPU.Build.0 = Release|Any CPU
	EndGlobalSection
	GlobalSection(SolutionProperties) = preSolution
		HideSolutionNode = FALSE
	EndGlobalSection
	GlobalSection(ExtensibilityGlobals) = postSolution
		SolutionGuid = {2662BF0B-615D-4546-9535-817DDE00CF12}
	EndGlobalSection
EndGlobal
