
Microsoft Visual Studio Solution File, Format Version 12.00
# Visual Studio Version 16
VisualStudioVersion = 16.0.32413.511
MinimumVisualStudioVersion = 10.0.40219.1
Project("{FAE04EC0-301F-11D3-BF4B-00C04F79EFBC}") = "IF3", "IF3\IF3.csproj", "{6DAAF7A6-7D7D-40F2-8B2E-D480FC21914C}"
EndProject
Global
	GlobalSection(SolutionConfigurationPlatforms) = preSolution
		Debug|Any CPU = Debug|Any CPU
		Release|Any CPU = Release|Any CPU
	EndGlobalSection
	GlobalSection(ProjectConfigurationPlatforms) = postSolution
		{6DAAF7A6-7D7D-40F2-8B2E-D480FC21914C}.Debug|Any CPU.ActiveCfg = Debug|Any CPU
		{6DAAF7A6-7D7D-40F2-8B2E-D480FC21914C}.Debug|Any CPU.Build.0 = Debug|Any CPU
		{6DAAF7A6-7D7D-40F2-8B2E-D480FC21914C}.Release|Any CPU.ActiveCfg = Release|Any CPU
		{6DAAF7A6-7D7D-40F2-8B2E-D480FC21914C}.Release|Any CPU.Build.0 = Release|Any CPU
	EndGlobalSection
	GlobalSection(SolutionProperties) = preSolution
		HideSolutionNode = FALSE
	EndGlobalSection
	GlobalSection(ExtensibilityGlobals) = postSolution
		SolutionGuid = {859595B1-72B6-4520-96C4-1202B9BD37B6}
	EndGlobalSection
EndGlobal
