
Microsoft Visual Studio Solution File, Format Version 12.00
# Visual Studio Version 17
VisualStudioVersion = 17.9.34622.214
MinimumVisualStudioVersion = 10.0.40219.1
Project("{FAE04EC0-301F-11D3-BF4B-00C04F79EFBC}") = "Feladat2", "Feladat2.csproj", "{B278F34B-9C7C-40EC-B2DC-4CAB359D21B6}"
EndProject
Global
	GlobalSection(SolutionConfigurationPlatforms) = preSolution
		Debug|Any CPU = Debug|Any CPU
		Release|Any CPU = Release|Any CPU
	EndGlobalSection
	GlobalSection(ProjectConfigurationPlatforms) = postSolution
		{B278F34B-9C7C-40EC-B2DC-4CAB359D21B6}.Debug|Any CPU.ActiveCfg = Debug|Any CPU
		{B278F34B-9C7C-40EC-B2DC-4CAB359D21B6}.Debug|Any CPU.Build.0 = Debug|Any CPU
		{B278F34B-9C7C-40EC-B2DC-4CAB359D21B6}.Release|Any CPU.ActiveCfg = Release|Any CPU
		{B278F34B-9C7C-40EC-B2DC-4CAB359D21B6}.Release|Any CPU.Build.0 = Release|Any CPU
	EndGlobalSection
	GlobalSection(SolutionProperties) = preSolution
		HideSolutionNode = FALSE
	EndGlobalSection
	GlobalSection(ExtensibilityGlobals) = postSolution
		SolutionGuid = {5B4A9251-C6B2-4FC1-AE85-0AF642BDB82F}
	EndGlobalSection
EndGlobal
