
Microsoft Visual Studio Solution File, Format Version 12.00
# Visual Studio Version 16
VisualStudioVersion = 16.0.32413.511
MinimumVisualStudioVersion = 10.0.40219.1
Project("{FAE04EC0-301F-11D3-BF4B-00C04F79EFBC}") = "sugar_szamolo", "sugar_szamolo\sugar_szamolo.csproj", "{B6E568BA-1A16-4F4D-8C14-34FBCEDA909E}"
EndProject
Global
	GlobalSection(SolutionConfigurationPlatforms) = preSolution
		Debug|Any CPU = Debug|Any CPU
		Release|Any CPU = Release|Any CPU
	EndGlobalSection
	GlobalSection(ProjectConfigurationPlatforms) = postSolution
		{B6E568BA-1A16-4F4D-8C14-34FBCEDA909E}.Debug|Any CPU.ActiveCfg = Debug|Any CPU
		{B6E568BA-1A16-4F4D-8C14-34FBCEDA909E}.Debug|Any CPU.Build.0 = Debug|Any CPU
		{B6E568BA-1A16-4F4D-8C14-34FBCEDA909E}.Release|Any CPU.ActiveCfg = Release|Any CPU
		{B6E568BA-1A16-4F4D-8C14-34FBCEDA909E}.Release|Any CPU.Build.0 = Release|Any CPU
	EndGlobalSection
	GlobalSection(SolutionProperties) = preSolution
		HideSolutionNode = FALSE
	EndGlobalSection
	GlobalSection(ExtensibilityGlobals) = postSolution
		SolutionGuid = {01E4ED6B-C88A-4F6B-9061-4297428167DB}
	EndGlobalSection
EndGlobal
