
Microsoft Visual Studio Solution File, Format Version 12.00
# Visual Studio Version 17
VisualStudioVersion = 17.11.35327.3
MinimumVisualStudioVersion = 10.0.40219.1
Project("{FAE04EC0-301F-11D3-BF4B-00C04F79EFBC}") = "EmailValidator", "EmailValidator.csproj", "{BA50FBFD-4748-4889-9F73-2DB666333BEF}"
EndProject
Global
	GlobalSection(SolutionConfigurationPlatforms) = preSolution
		Debug|Any CPU = Debug|Any CPU
		Release|Any CPU = Release|Any CPU
	EndGlobalSection
	GlobalSection(ProjectConfigurationPlatforms) = postSolution
		{BA50FBFD-4748-4889-9F73-2DB666333BEF}.Debug|Any CPU.ActiveCfg = Debug|Any CPU
		{BA50FBFD-4748-4889-9F73-2DB666333BEF}.Debug|Any CPU.Build.0 = Debug|Any CPU
		{BA50FBFD-4748-4889-9F73-2DB666333BEF}.Release|Any CPU.ActiveCfg = Release|Any CPU
		{BA50FBFD-4748-4889-9F73-2DB666333BEF}.Release|Any CPU.Build.0 = Release|Any CPU
	EndGlobalSection
	GlobalSection(SolutionProperties) = preSolution
		HideSolutionNode = FALSE
	EndGlobalSection
	GlobalSection(ExtensibilityGlobals) = postSolution
		SolutionGuid = {44847CAC-B268-470E-BBE7-B5A1CEA0EB9F}
	EndGlobalSection
EndGlobal
