
Microsoft Visual Studio Solution File, Format Version 12.00
# Visual Studio Version 17
VisualStudioVersion = 17.0.31903.59
MinimumVisualStudioVersion = 10.0.40219.1
Project("{FAE04EC0-301F-11D3-BF4B-00C04F79EFBC}") = "App", "App\App.csproj", "{5C7B6DBF-0849-481B-B92A-6E68BD0BA3ED}"
EndProject
Project("{FAE04EC0-301F-11D3-BF4B-00C04F79EFBC}") = "Tests", "Tests\Tests.csproj", "{78D05432-AF2E-431E-938D-31B689E47B10}"
EndProject
Global
	GlobalSection(SolutionConfigurationPlatforms) = preSolution
		Debug|Any CPU = Debug|Any CPU
		Debug|x64 = Debug|x64
		Debug|x86 = Debug|x86
		Release|Any CPU = Release|Any CPU
		Release|x64 = Release|x64
		Release|x86 = Release|x86
	EndGlobalSection
	GlobalSection(ProjectConfigurationPlatforms) = postSolution
		{5C7B6DBF-0849-481B-B92A-6E68BD0BA3ED}.Debug|Any CPU.ActiveCfg = Debug|Any CPU
		{5C7B6DBF-0849-481B-B92A-6E68BD0BA3ED}.Debug|Any CPU.Build.0 = Debug|Any CPU
		{5C7B6DBF-0849-481B-B92A-6E68BD0BA3ED}.Debug|x64.ActiveCfg = Debug|Any CPU
		{5C7B6DBF-0849-481B-B92A-6E68BD0BA3ED}.Debug|x64.Build.0 = Debug|Any CPU
		{5C7B6DBF-0849-481B-B92A-6E68BD0BA3ED}.Debug|x86.ActiveCfg = Debug|Any CPU
		{5C7B6DBF-0849-481B-B92A-6E68BD0BA3ED}.Debug|x86.Build.0 = Debug|Any CPU
		{5C7B6DBF-0849-481B-B92A-6E68BD0BA3ED}.Release|Any CPU.ActiveCfg = Release|Any CPU
		{5C7B6DBF-0849-481B-B92A-6E68BD0BA3ED}.Release|Any CPU.Build.0 = Release|Any CPU
		{5C7B6DBF-0849-481B-B92A-6E68BD0BA3ED}.Release|x64.ActiveCfg = Release|Any CPU
		{5C7B6DBF-0849-481B-B92A-6E68BD0BA3ED}.Release|x64.Build.0 = Release|Any CPU
		{5C7B6DBF-0849-481B-B92A-6E68BD0BA3ED}.Release|x86.ActiveCfg = Release|Any CPU
		{5C7B6DBF-0849-481B-B92A-6E68BD0BA3ED}.Release|x86.Build.0 = Release|Any CPU
		{78D05432-AF2E-431E-938D-31B689E47B10}.Debug|Any CPU.ActiveCfg = Debug|Any CPU
		{78D05432-AF2E-431E-938D-31B689E47B10}.Debug|Any CPU.Build.0 = Debug|Any CPU
		{78D05432-AF2E-431E-938D-31B689E47B10}.Debug|x64.ActiveCfg = Debug|Any CPU
		{78D05432-AF2E-431E-938D-31B689E47B10}.Debug|x64.Build.0 = Debug|Any CPU
		{78D05432-AF2E-431E-938D-31B689E47B10}.Debug|x86.ActiveCfg = Debug|Any CPU
		{78D05432-AF2E-431E-938D-31B689E47B10}.Debug|x86.Build.0 = Debug|Any CPU
		{78D05432-AF2E-431E-938D-31B689E47B10}.Release|Any CPU.ActiveCfg = Release|Any CPU
		{78D05432-AF2E-431E-938D-31B689E47B10}.Release|Any CPU.Build.0 = Release|Any CPU
		{78D05432-AF2E-431E-938D-31B689E47B10}.Release|x64.ActiveCfg = Release|Any CPU
		{78D05432-AF2E-431E-938D-31B689E47B10}.Release|x64.Build.0 = Release|Any CPU
		{78D05432-AF2E-431E-938D-31B689E47B10}.Release|x86.ActiveCfg = Release|Any CPU
		{78D05432-AF2E-431E-938D-31B689E47B10}.Release|x86.Build.0 = Release|Any CPU
	EndGlobalSection
	GlobalSection(SolutionProperties) = preSolution
		HideSolutionNode = FALSE
	EndGlobalSection
EndGlobal
