
Microsoft Visual Studio Solution File, Format Version 12.00
# Visual Studio Version 17
VisualStudioVersion = 17.14.36511.14 d17.14
MinimumVisualStudioVersion = 10.0.40219.1
Project("{FAE04EC0-301F-11D3-BF4B-00C04F79EFBC}") = "Nobel díj", "Nobel díj.csproj", "{23B1CDC5-4735-4309-9064-3C0FBE582DC0}"
EndProject
Global
	GlobalSection(SolutionConfigurationPlatforms) = preSolution
		Debug|Any CPU = Debug|Any CPU
		Release|Any CPU = Release|Any CPU
	EndGlobalSection
	GlobalSection(ProjectConfigurationPlatforms) = postSolution
		{23B1CDC5-4735-4309-9064-3C0FBE582DC0}.Debug|Any CPU.ActiveCfg = Debug|Any CPU
		{23B1CDC5-4735-4309-9064-3C0FBE582DC0}.Debug|Any CPU.Build.0 = Debug|Any CPU
		{23B1CDC5-4735-4309-9064-3C0FBE582DC0}.Release|Any CPU.ActiveCfg = Release|Any CPU
		{23B1CDC5-4735-4309-9064-3C0FBE582DC0}.Release|Any CPU.Build.0 = Release|Any CPU
	EndGlobalSection
	GlobalSection(SolutionProperties) = preSolution
		HideSolutionNode = FALSE
	EndGlobalSection
	GlobalSection(ExtensibilityGlobals) = postSolution
		SolutionGuid = {C2DE1C3A-45E5-4358-AF6F-6CE403C6C089}
	EndGlobalSection
EndGlobal
