
Microsoft Visual Studio Solution File, Format Version 12.00
# Visual Studio Version 16
VisualStudioVersion = 16.0.32413.511
MinimumVisualStudioVersion = 10.0.40219.1
Project("{FAE04EC0-301F-11D3-BF4B-00C04F79EFBC}") = "dolgozat2", "dolgozat2\dolgozat2.csproj", "{AFB608DE-9C1D-4C1A-AB28-0E2957A27DBF}"
EndProject
Global
	GlobalSection(SolutionConfigurationPlatforms) = preSolution
		Debug|Any CPU = Debug|Any CPU
		Release|Any CPU = Release|Any CPU
	EndGlobalSection
	GlobalSection(ProjectConfigurationPlatforms) = postSolution
		{AFB608DE-9C1D-4C1A-AB28-0E2957A27DBF}.Debug|Any CPU.ActiveCfg = Debug|Any CPU
		{AFB608DE-9C1D-4C1A-AB28-0E2957A27DBF}.Debug|Any CPU.Build.0 = Debug|Any CPU
		{AFB608DE-9C1D-4C1A-AB28-0E2957A27DBF}.Release|Any CPU.ActiveCfg = Release|Any CPU
		{AFB608DE-9C1D-4C1A-AB28-0E2957A27DBF}.Release|Any CPU.Build.0 = Release|Any CPU
	EndGlobalSection
	GlobalSection(SolutionProperties) = preSolution
		HideSolutionNode = FALSE
	EndGlobalSection
	GlobalSection(ExtensibilityGlobals) = postSolution
		SolutionGuid = {81B6137A-039F-472A-955D-3913955CF33A}
	EndGlobalSection
EndGlobal
