
Microsoft Visual Studio Solution File, Format Version 12.00
# Visual Studio Version 17
VisualStudioVersion = 17.3.32929.385
MinimumVisualStudioVersion = 10.0.40219.1
Project("{FAE04EC0-301F-11D3-BF4B-00C04F79EFBC}") = "mezogazd", "mezogazd\mezogazd.csproj", "{1BACCC65-8A78-411C-9081-1158D40184A5}"
EndProject
Global
	GlobalSection(SolutionConfigurationPlatforms) = preSolution
		Debug|Any CPU = Debug|Any CPU
		Release|Any CPU = Release|Any CPU
	EndGlobalSection
	GlobalSection(ProjectConfigurationPlatforms) = postSolution
		{1BACCC65-8A78-411C-9081-1158D40184A5}.Debug|Any CPU.ActiveCfg = Debug|Any CPU
		{1BACCC65-8A78-411C-9081-1158D40184A5}.Debug|Any CPU.Build.0 = Debug|Any CPU
		{1BACCC65-8A78-411C-9081-1158D40184A5}.Release|Any CPU.ActiveCfg = Release|Any CPU
		{1BACCC65-8A78-411C-9081-1158D40184A5}.Release|Any CPU.Build.0 = Release|Any CPU
	EndGlobalSection
	GlobalSection(SolutionProperties) = preSolution
		HideSolutionNode = FALSE
	EndGlobalSection
	GlobalSection(ExtensibilityGlobals) = postSolution
		SolutionGuid = {1FE6BC6A-0542-4586-8BEC-281CD44CAC30}
	EndGlobalSection
EndGlobal
