
Microsoft Visual Studio Solution File, Format Version 12.00
# Visual Studio Version 17
VisualStudioVersion = 17.14.36414.22 d17.14
MinimumVisualStudioVersion = 10.0.40219.1
Project("{FAE04EC0-301F-11D3-BF4B-00C04F79EFBC}") = "Telekocsi", "Telekocsi.csproj", "{2698D8AD-D41E-4629-90C5-7F6FF7365ECA}"
EndProject
Global
	GlobalSection(SolutionConfigurationPlatforms) = preSolution
		Debug|Any CPU = Debug|Any CPU
		Release|Any CPU = Release|Any CPU
	EndGlobalSection
	GlobalSection(ProjectConfigurationPlatforms) = postSolution
		{2698D8AD-D41E-4629-90C5-7F6FF7365ECA}.Debug|Any CPU.ActiveCfg = Debug|Any CPU
		{2698D8AD-D41E-4629-90C5-7F6FF7365ECA}.Debug|Any CPU.Build.0 = Debug|Any CPU
		{2698D8AD-D41E-4629-90C5-7F6FF7365ECA}.Release|Any CPU.ActiveCfg = Release|Any CPU
		{2698D8AD-D41E-4629-90C5-7F6FF7365ECA}.Release|Any CPU.Build.0 = Release|Any CPU
	EndGlobalSection
	GlobalSection(SolutionProperties) = preSolution
		HideSolutionNode = FALSE
	EndGlobalSection
	GlobalSection(ExtensibilityGlobals) = postSolution
		SolutionGuid = {0911520E-C39D-4A2C-9F7C-91908C2EBEBE}
	EndGlobalSection
EndGlobal
