
Microsoft Visual Studio Solution File, Format Version 12.00
# Visual Studio Version 17
VisualStudioVersion = 17.8.34309.116
MinimumVisualStudioVersion = 10.0.40219.1
Project("{FAE04EC0-301F-11D3-BF4B-00C04F79EFBC}") = "ExtendedConsole", "Console.Extensions\ExtendedConsole.csproj", "{65B38F53-6530-41E8-91A5-C0AD7314AB85}"
EndProject
Project("{FAE04EC0-301F-11D3-BF4B-00C04F79EFBC}") = "ExtendedMath", "Math.Functions\ExtendedMath.csproj", "{62FAF89A-8264-461B-A230-60A539E45B8C}"
EndProject
Project("{FAE04EC0-301F-11D3-BF4B-00C04F79EFBC}") = "Feladat", "Feladat\Feladat.csproj", "{205B62FF-11FC-4824-8A4C-4F5562F51252}"
EndProject
Global
	GlobalSection(SolutionConfigurationPlatforms) = preSolution
		Debug|Any CPU = Debug|Any CPU
		Release|Any CPU = Release|Any CPU
	EndGlobalSection
	GlobalSection(ProjectConfigurationPlatforms) = postSolution
		{65B38F53-6530-41E8-91A5-C0AD7314AB85}.Debug|Any CPU.ActiveCfg = Debug|Any CPU
		{65B38F53-6530-41E8-91A5-C0AD7314AB85}.Debug|Any CPU.Build.0 = Debug|Any CPU
		{65B38F53-6530-41E8-91A5-C0AD7314AB85}.Release|Any CPU.ActiveCfg = Release|Any CPU
		{65B38F53-6530-41E8-91A5-C0AD7314AB85}.Release|Any CPU.Build.0 = Release|Any CPU
		{62FAF89A-8264-461B-A230-60A539E45B8C}.Debug|Any CPU.ActiveCfg = Debug|Any CPU
		{62FAF89A-8264-461B-A230-60A539E45B8C}.Debug|Any CPU.Build.0 = Debug|Any CPU
		{62FAF89A-8264-461B-A230-60A539E45B8C}.Release|Any CPU.ActiveCfg = Release|Any CPU
		{62FAF89A-8264-461B-A230-60A539E45B8C}.Release|Any CPU.Build.0 = Release|Any CPU
		{205B62FF-11FC-4824-8A4C-4F5562F51252}.Debug|Any CPU.ActiveCfg = Debug|Any CPU
		{205B62FF-11FC-4824-8A4C-4F5562F51252}.Debug|Any CPU.Build.0 = Debug|Any CPU
		{205B62FF-11FC-4824-8A4C-4F5562F51252}.Release|Any CPU.ActiveCfg = Release|Any CPU
		{205B62FF-11FC-4824-8A4C-4F5562F51252}.Release|Any CPU.Build.0 = Release|Any CPU
	EndGlobalSection
	GlobalSection(SolutionProperties) = preSolution
		HideSolutionNode = FALSE
	EndGlobalSection
	GlobalSection(ExtensibilityGlobals) = postSolution
		SolutionGuid = {00C528E2-D91E-46E4-930B-1D78CF711B57}
	EndGlobalSection
EndGlobal
