
Microsoft Visual Studio Solution File, Format Version 12.00
# Visual Studio Version 17
VisualStudioVersion = 17.11.35303.130
MinimumVisualStudioVersion = 10.0.40219.1
Project("{FAE04EC0-301F-11D3-BF4B-00C04F79EFBC}") = "Fajlvalaszto", "Fajlvalaszto.csproj", "{ACE81098-F740-48F0-982A-292F0B08C2CC}"
EndProject
Global
	GlobalSection(SolutionConfigurationPlatforms) = preSolution
		Debug|Any CPU = Debug|Any CPU
		Release|Any CPU = Release|Any CPU
	EndGlobalSection
	GlobalSection(ProjectConfigurationPlatforms) = postSolution
		{ACE81098-F740-48F0-982A-292F0B08C2CC}.Debug|Any CPU.ActiveCfg = Debug|Any CPU
		{ACE81098-F740-48F0-982A-292F0B08C2CC}.Debug|Any CPU.Build.0 = Debug|Any CPU
		{ACE81098-F740-48F0-982A-292F0B08C2CC}.Release|Any CPU.ActiveCfg = Release|Any CPU
		{ACE81098-F740-48F0-982A-292F0B08C2CC}.Release|Any CPU.Build.0 = Release|Any CPU
	EndGlobalSection
	GlobalSection(SolutionProperties) = preSolution
		HideSolutionNode = FALSE
	EndGlobalSection
	GlobalSection(ExtensibilityGlobals) = postSolution
		SolutionGuid = {53F3723D-9968-4F4A-A8FC-8D715FC65BE9}
	EndGlobalSection
EndGlobal
