
Microsoft Visual Studio Solution File, Format Version 12.00
# Visual Studio Version 17
VisualStudioVersion = 17.14.36511.14 d17.14
MinimumVisualStudioVersion = 10.0.40219.1
Project("{FAE04EC0-301F-11D3-BF4B-00C04F79EFBC}") = "Grid", "Grid.csproj", "{F9BE157C-30B5-447D-9379-5747BF4EEA70}"
EndProject
Global
	GlobalSection(SolutionConfigurationPlatforms) = preSolution
		Debug|Any CPU = Debug|Any CPU
		Release|Any CPU = Release|Any CPU
	EndGlobalSection
	GlobalSection(ProjectConfigurationPlatforms) = postSolution
		{F9BE157C-30B5-447D-9379-5747BF4EEA70}.Debug|Any CPU.ActiveCfg = Debug|Any CPU
		{F9BE157C-30B5-447D-9379-5747BF4EEA70}.Debug|Any CPU.Build.0 = Debug|Any CPU
		{F9BE157C-30B5-447D-9379-5747BF4EEA70}.Release|Any CPU.ActiveCfg = Release|Any CPU
		{F9BE157C-30B5-447D-9379-5747BF4EEA70}.Release|Any CPU.Build.0 = Release|Any CPU
	EndGlobalSection
	GlobalSection(SolutionProperties) = preSolution
		HideSolutionNode = FALSE
	EndGlobalSection
	GlobalSection(ExtensibilityGlobals) = postSolution
		SolutionGuid = {0E35D81E-B14A-42A9-80E1-7407D65BE9C9}
	EndGlobalSection
EndGlobal
