
Microsoft Visual Studio Solution File, Format Version 12.00
# Visual Studio Version 17
VisualStudioVersion = 17.14.36414.22 d17.14
MinimumVisualStudioVersion = 10.0.40219.1
Project("{FAE04EC0-301F-11D3-BF4B-00C04F79EFBC}") = "Könyvek", "Könyvek.csproj", "{34E2ED4C-D3F7-413E-8CE4-F1411ADFE73E}"
EndProject
Global
	GlobalSection(SolutionConfigurationPlatforms) = preSolution
		Debug|Any CPU = Debug|Any CPU
		Release|Any CPU = Release|Any CPU
	EndGlobalSection
	GlobalSection(ProjectConfigurationPlatforms) = postSolution
		{34E2ED4C-D3F7-413E-8CE4-F1411ADFE73E}.Debug|Any CPU.ActiveCfg = Debug|Any CPU
		{34E2ED4C-D3F7-413E-8CE4-F1411ADFE73E}.Debug|Any CPU.Build.0 = Debug|Any CPU
		{34E2ED4C-D3F7-413E-8CE4-F1411ADFE73E}.Release|Any CPU.ActiveCfg = Release|Any CPU
		{34E2ED4C-D3F7-413E-8CE4-F1411ADFE73E}.Release|Any CPU.Build.0 = Release|Any CPU
	EndGlobalSection
	GlobalSection(SolutionProperties) = preSolution
		HideSolutionNode = FALSE
	EndGlobalSection
	GlobalSection(ExtensibilityGlobals) = postSolution
		SolutionGuid = {302A940D-AB5F-412F-A141-C24F6CF83571}
	EndGlobalSection
EndGlobal
