
Microsoft Visual Studio Solution File, Format Version 12.00
# Visual Studio Version 17
VisualStudioVersion = 17.11.35327.3
MinimumVisualStudioVersion = 10.0.40219.1
Project("{FAE04EC0-301F-11D3-BF4B-00C04F79EFBC}") = "Díszítés", "Díszítés.csproj", "{149990A0-1AF0-436E-A76F-B336935DA448}"
EndProject
Global
	GlobalSection(SolutionConfigurationPlatforms) = preSolution
		Debug|Any CPU = Debug|Any CPU
		Release|Any CPU = Release|Any CPU
	EndGlobalSection
	GlobalSection(ProjectConfigurationPlatforms) = postSolution
		{149990A0-1AF0-436E-A76F-B336935DA448}.Debug|Any CPU.ActiveCfg = Debug|Any CPU
		{149990A0-1AF0-436E-A76F-B336935DA448}.Debug|Any CPU.Build.0 = Debug|Any CPU
		{149990A0-1AF0-436E-A76F-B336935DA448}.Release|Any CPU.ActiveCfg = Release|Any CPU
		{149990A0-1AF0-436E-A76F-B336935DA448}.Release|Any CPU.Build.0 = Release|Any CPU
	EndGlobalSection
	GlobalSection(SolutionProperties) = preSolution
		HideSolutionNode = FALSE
	EndGlobalSection
	GlobalSection(ExtensibilityGlobals) = postSolution
		SolutionGuid = {D8B03608-27D0-4CED-B100-8F24D426A77B}
	EndGlobalSection
EndGlobal
