
Microsoft Visual Studio Solution File, Format Version 12.00
# Visual Studio Version 17
VisualStudioVersion = 17.14.36511.14 d17.14
MinimumVisualStudioVersion = 10.0.40219.1
Project("{FAE04EC0-301F-11D3-BF4B-00C04F79EFBC}") = "WpfApp8", "WpfApp8.csproj", "{BEEA4526-34D2-4893-978C-FE6B84F08ECE}"
EndProject
Global
	GlobalSection(SolutionConfigurationPlatforms) = preSolution
		Debug|Any CPU = Debug|Any CPU
		Release|Any CPU = Release|Any CPU
	EndGlobalSection
	GlobalSection(ProjectConfigurationPlatforms) = postSolution
		{BEEA4526-34D2-4893-978C-FE6B84F08ECE}.Debug|Any CPU.ActiveCfg = Debug|Any CPU
		{BEEA4526-34D2-4893-978C-FE6B84F08ECE}.Debug|Any CPU.Build.0 = Debug|Any CPU
		{BEEA4526-34D2-4893-978C-FE6B84F08ECE}.Release|Any CPU.ActiveCfg = Release|Any CPU
		{BEEA4526-34D2-4893-978C-FE6B84F08ECE}.Release|Any CPU.Build.0 = Release|Any CPU
	EndGlobalSection
	GlobalSection(SolutionProperties) = preSolution
		HideSolutionNode = FALSE
	EndGlobalSection
	GlobalSection(ExtensibilityGlobals) = postSolution
		SolutionGuid = {8A144335-6463-4F0D-93BE-BE525C6BEDAA}
	EndGlobalSection
EndGlobal
