
Microsoft Visual Studio Solution File, Format Version 12.00
# Visual Studio Version 17
VisualStudioVersion = 17.14.36511.14 d17.14
MinimumVisualStudioVersion = 10.0.40219.1
Project("{FAE04EC0-301F-11D3-BF4B-00C04F79EFBC}") = "orai", "orai.csproj", "{0A484B67-4A94-46B3-AD37-5A3A416C1C80}"
EndProject
Global
	GlobalSection(SolutionConfigurationPlatforms) = preSolution
		Debug|Any CPU = Debug|Any CPU
		Release|Any CPU = Release|Any CPU
	EndGlobalSection
	GlobalSection(ProjectConfigurationPlatforms) = postSolution
		{0A484B67-4A94-46B3-AD37-5A3A416C1C80}.Debug|Any CPU.ActiveCfg = Debug|Any CPU
		{0A484B67-4A94-46B3-AD37-5A3A416C1C80}.Debug|Any CPU.Build.0 = Debug|Any CPU
		{0A484B67-4A94-46B3-AD37-5A3A416C1C80}.Release|Any CPU.ActiveCfg = Release|Any CPU
		{0A484B67-4A94-46B3-AD37-5A3A416C1C80}.Release|Any CPU.Build.0 = Release|Any CPU
	EndGlobalSection
	GlobalSection(SolutionProperties) = preSolution
		HideSolutionNode = FALSE
	EndGlobalSection
	GlobalSection(ExtensibilityGlobals) = postSolution
		SolutionGuid = {80394DE0-87E3-4724-8CA2-A134AC6D3FCD}
	EndGlobalSection
EndGlobal
