
Microsoft Visual Studio Solution File, Format Version 12.00
# Visual Studio Version 17
VisualStudioVersion = 17.14.36511.14 d17.14
MinimumVisualStudioVersion = 10.0.40219.1
Project("{FAE04EC0-301F-11D3-BF4B-00C04F79EFBC}") = "WpfApp7", "WpfApp7\WpfApp7.csproj", "{0F4F13BA-C22C-4829-AF8B-37F4B57A2268}"
EndProject
Global
	GlobalSection(SolutionConfigurationPlatforms) = preSolution
		Debug|Any CPU = Debug|Any CPU
		Release|Any CPU = Release|Any CPU
	EndGlobalSection
	GlobalSection(ProjectConfigurationPlatforms) = postSolution
		{0F4F13BA-C22C-4829-AF8B-37F4B57A2268}.Debug|Any CPU.ActiveCfg = Debug|Any CPU
		{0F4F13BA-C22C-4829-AF8B-37F4B57A2268}.Debug|Any CPU.Build.0 = Debug|Any CPU
		{0F4F13BA-C22C-4829-AF8B-37F4B57A2268}.Release|Any CPU.ActiveCfg = Release|Any CPU
		{0F4F13BA-C22C-4829-AF8B-37F4B57A2268}.Release|Any CPU.Build.0 = Release|Any CPU
	EndGlobalSection
	GlobalSection(SolutionProperties) = preSolution
		HideSolutionNode = FALSE
	EndGlobalSection
	GlobalSection(ExtensibilityGlobals) = postSolution
		SolutionGuid = {BB5EFDEC-350A-4410-B200-13AD9F804CCE}
	EndGlobalSection
EndGlobal
