
Microsoft Visual Studio Solution File, Format Version 12.00
# Visual Studio Version 16
VisualStudioVersion = 16.0.32413.511
MinimumVisualStudioVersion = 10.0.40219.1
Project("{FAE04EC0-301F-11D3-BF4B-00C04F79EFBC}") = "Alapmuveletek", "Alapmuveletek\Alapmuveletek.csproj", "{35A4B494-F6EF-48D8-9F81-E387A7874B74}"
EndProject
Global
	GlobalSection(SolutionConfigurationPlatforms) = preSolution
		Debug|Any CPU = Debug|Any CPU
		Release|Any CPU = Release|Any CPU
	EndGlobalSection
	GlobalSection(ProjectConfigurationPlatforms) = postSolution
		{35A4B494-F6EF-48D8-9F81-E387A7874B74}.Debug|Any CPU.ActiveCfg = Debug|Any CPU
		{35A4B494-F6EF-48D8-9F81-E387A7874B74}.Debug|Any CPU.Build.0 = Debug|Any CPU
		{35A4B494-F6EF-48D8-9F81-E387A7874B74}.Release|Any CPU.ActiveCfg = Release|Any CPU
		{35A4B494-F6EF-48D8-9F81-E387A7874B74}.Release|Any CPU.Build.0 = Release|Any CPU
	EndGlobalSection
	GlobalSection(SolutionProperties) = preSolution
		HideSolutionNode = FALSE
	EndGlobalSection
	GlobalSection(ExtensibilityGlobals) = postSolution
		SolutionGuid = {8AA319AF-DAFE-463D-A0B4-6842F155C35B}
	EndGlobalSection
EndGlobal
