
Microsoft Visual Studio Solution File, Format Version 12.00
# Visual Studio Version 17
VisualStudioVersion = 17.3.32929.385
MinimumVisualStudioVersion = 10.0.40219.1
Project("{FAE04EC0-301F-11D3-BF4B-00C04F79EFBC}") = "For1", "For1\For1.csproj", "{74F69A91-2FF9-4244-A9C5-BDCD560B35E0}"
EndProject
Global
	GlobalSection(SolutionConfigurationPlatforms) = preSolution
		Debug|Any CPU = Debug|Any CPU
		Release|Any CPU = Release|Any CPU
	EndGlobalSection
	GlobalSection(ProjectConfigurationPlatforms) = postSolution
		{74F69A91-2FF9-4244-A9C5-BDCD560B35E0}.Debug|Any CPU.ActiveCfg = Debug|Any CPU
		{74F69A91-2FF9-4244-A9C5-BDCD560B35E0}.Debug|Any CPU.Build.0 = Debug|Any CPU
		{74F69A91-2FF9-4244-A9C5-BDCD560B35E0}.Release|Any CPU.ActiveCfg = Release|Any CPU
		{74F69A91-2FF9-4244-A9C5-BDCD560B35E0}.Release|Any CPU.Build.0 = Release|Any CPU
	EndGlobalSection
	GlobalSection(SolutionProperties) = preSolution
		HideSolutionNode = FALSE
	EndGlobalSection
	GlobalSection(ExtensibilityGlobals) = postSolution
		SolutionGuid = {B007C020-69B6-46C1-99A7-2F11B9176A15}
	EndGlobalSection
EndGlobal
