
Microsoft Visual Studio Solution File, Format Version 12.00
# Visual Studio Version 17
VisualStudioVersion = 17.11.35222.181
MinimumVisualStudioVersion = 10.0.40219.1
Project("{FAE04EC0-301F-11D3-BF4B-00C04F79EFBC}") = "Kerület terület", "Kerület terület.csproj", "{1671870B-43FE-46F2-905F-565A65D8AB8D}"
EndProject
Global
	GlobalSection(SolutionConfigurationPlatforms) = preSolution
		Debug|Any CPU = Debug|Any CPU
		Release|Any CPU = Release|Any CPU
	EndGlobalSection
	GlobalSection(ProjectConfigurationPlatforms) = postSolution
		{1671870B-43FE-46F2-905F-565A65D8AB8D}.Debug|Any CPU.ActiveCfg = Debug|Any CPU
		{1671870B-43FE-46F2-905F-565A65D8AB8D}.Debug|Any CPU.Build.0 = Debug|Any CPU
		{1671870B-43FE-46F2-905F-565A65D8AB8D}.Release|Any CPU.ActiveCfg = Release|Any CPU
		{1671870B-43FE-46F2-905F-565A65D8AB8D}.Release|Any CPU.Build.0 = Release|Any CPU
	EndGlobalSection
	GlobalSection(SolutionProperties) = preSolution
		HideSolutionNode = FALSE
	EndGlobalSection
	GlobalSection(ExtensibilityGlobals) = postSolution
		SolutionGuid = {3367E3E9-CC98-4B51-829A-C6EFCD95CE2E}
	EndGlobalSection
EndGlobal
