
Microsoft Visual Studio Solution File, Format Version 12.00
# Visual Studio Version 17
VisualStudioVersion = 17.14.36511.14 d17.14
MinimumVisualStudioVersion = 10.0.40219.1
Project("{FAE04EC0-301F-11D3-BF4B-00C04F79EFBC}") = "WpfApp4", "WpfApp4.csproj", "{79AF65EC-E4C5-41CD-9610-00B0EFC90F0D}"
EndProject
Global
	GlobalSection(SolutionConfigurationPlatforms) = preSolution
		Debug|Any CPU = Debug|Any CPU
		Release|Any CPU = Release|Any CPU
	EndGlobalSection
	GlobalSection(ProjectConfigurationPlatforms) = postSolution
		{79AF65EC-E4C5-41CD-9610-00B0EFC90F0D}.Debug|Any CPU.ActiveCfg = Debug|Any CPU
		{79AF65EC-E4C5-41CD-9610-00B0EFC90F0D}.Debug|Any CPU.Build.0 = Debug|Any CPU
		{79AF65EC-E4C5-41CD-9610-00B0EFC90F0D}.Release|Any CPU.ActiveCfg = Release|Any CPU
		{79AF65EC-E4C5-41CD-9610-00B0EFC90F0D}.Release|Any CPU.Build.0 = Release|Any CPU
	EndGlobalSection
	GlobalSection(SolutionProperties) = preSolution
		HideSolutionNode = FALSE
	EndGlobalSection
	GlobalSection(ExtensibilityGlobals) = postSolution
		SolutionGuid = {200FC4CF-8208-4231-81EF-D50397AB308B}
	EndGlobalSection
EndGlobal
