
Microsoft Visual Studio Solution File, Format Version 12.00
# Visual Studio Version 17
VisualStudioVersion = 17.14.36511.14 d17.14
MinimumVisualStudioVersion = 10.0.40219.1
Project("{FAE04EC0-301F-11D3-BF4B-00C04F79EFBC}") = "Szamologep", "Szamologep.csproj", "{45B81BE3-2BE1-4BE0-9492-6A30E5D3248D}"
EndProject
Global
	GlobalSection(SolutionConfigurationPlatforms) = preSolution
		Debug|Any CPU = Debug|Any CPU
		Release|Any CPU = Release|Any CPU
	EndGlobalSection
	GlobalSection(ProjectConfigurationPlatforms) = postSolution
		{45B81BE3-2BE1-4BE0-9492-6A30E5D3248D}.Debug|Any CPU.ActiveCfg = Debug|Any CPU
		{45B81BE3-2BE1-4BE0-9492-6A30E5D3248D}.Debug|Any CPU.Build.0 = Debug|Any CPU
		{45B81BE3-2BE1-4BE0-9492-6A30E5D3248D}.Release|Any CPU.ActiveCfg = Release|Any CPU
		{45B81BE3-2BE1-4BE0-9492-6A30E5D3248D}.Release|Any CPU.Build.0 = Release|Any CPU
	EndGlobalSection
	GlobalSection(SolutionProperties) = preSolution
		HideSolutionNode = FALSE
	EndGlobalSection
	GlobalSection(ExtensibilityGlobals) = postSolution
		SolutionGuid = {38165EB4-FE90-4794-A9F8-A1DC590E6062}
	EndGlobalSection
EndGlobal
