
Microsoft Visual Studio Solution File, Format Version 12.00
# Visual Studio Version 17
VisualStudioVersion = 17.13.35818.85 d17.13
MinimumVisualStudioVersion = 10.0.40219.1
Project("{FAE04EC0-301F-11D3-BF4B-00C04F79EFBC}") = "extramuszak", "extramuszak.csproj", "{272E8CCE-A388-46F5-B606-F1D6B0DE995C}"
EndProject
Global
	GlobalSection(SolutionConfigurationPlatforms) = preSolution
		Debug|Any CPU = Debug|Any CPU
		Release|Any CPU = Release|Any CPU
	EndGlobalSection
	GlobalSection(ProjectConfigurationPlatforms) = postSolution
		{272E8CCE-A388-46F5-B606-F1D6B0DE995C}.Debug|Any CPU.ActiveCfg = Debug|Any CPU
		{272E8CCE-A388-46F5-B606-F1D6B0DE995C}.Debug|Any CPU.Build.0 = Debug|Any CPU
		{272E8CCE-A388-46F5-B606-F1D6B0DE995C}.Release|Any CPU.ActiveCfg = Release|Any CPU
		{272E8CCE-A388-46F5-B606-F1D6B0DE995C}.Release|Any CPU.Build.0 = Release|Any CPU
	EndGlobalSection
	GlobalSection(SolutionProperties) = preSolution
		HideSolutionNode = FALSE
	EndGlobalSection
	GlobalSection(ExtensibilityGlobals) = postSolution
		SolutionGuid = {4810F4A2-1164-4358-A1D4-DB52A256DC1D}
	EndGlobalSection
EndGlobal
